// !$*UTF8*$!
{
	archiveVersion = 1;
	classes = {
	};
	objectVersion = 77;
	objects = {

/* Begin PBXBuildFile section */
		FABADCA82E2ABE79008F1526 /* Assets.xcassets in Resources */ = {isa = PBXBuildFile; fileRef = FABADC9F2E2ABE79008F1526 /* Assets.xcassets */; };
		FABADCAA2E2ABE79008F1526 /* LaunchScreen.storyboard in Resources */ = {isa = PBXBuildFile; fileRef = FABADCA22E2ABE79008F1526 /* LaunchScreen.storyboard */; };
		FABADCAC2E2ABE79008F1526 /* AppDelegate.swift in Sources */ = {isa = PBXBuildFile; fileRef = FABADC9E2E2ABE79008F1526 /* AppDelegate.swift */; };
		FABADCAD2E2ABE79008F1526 /* SceneDelegate.swift in Sources */ = {isa = PBXBuildFile; fileRef = FABADCA52E2ABE79008F1526 /* SceneDelegate.swift */; };
		FABADCAE2E2ABE79008F1526 /* ViewController.swift in Sources */ = {isa = PBXBuildFile; fileRef = FABADCA62E2ABE79008F1526 /* ViewController.swift */; };
		FABADCB42E2AC068008F1526 /* AddNewTask.swift in Sources */ = {isa = PBXBuildFile; fileRef = FABADCB32E2AC068008F1526 /* AddNewTask.swift */; };
		FABADCB92E2AC272008F1526 /* CustomSearchBar.swift in Sources */ = {isa = PBXBuildFile; fileRef = FABADCB82E2AC272008F1526 /* CustomSearchBar.swift */; };
		FAC9B9F02E2ADD31001B2ECE /* TodoTask+CoreDataClass.swift in Sources */ = {isa = PBXBuildFile; fileRef = FAC9B9EE2E2ADD31001B2ECE /* TodoTask+CoreDataClass.swift */; };
		FAC9B9F12E2ADD31001B2ECE /* TodoTask+CoreDataProperties.swift in Sources */ = {isa = PBXBuildFile; fileRef = FAC9B9EF2E2ADD31001B2ECE /* TodoTask+CoreDataProperties.swift */; };
		FAC9B9F82E2AE191001B2ECE /* CoreData.xcdatamodeld in Sources */ = {isa = PBXBuildFile; fileRef = FAC9B9F62E2AE191001B2ECE /* CoreData.xcdatamodeld */; };
		FAC9B9FA2E2AF371001B2ECE /* TodoCell.swift in Sources */ = {isa = PBXBuildFile; fileRef = FAC9B9F92E2AF371001B2ECE /* TodoCell.swift */; };
/* End PBXBuildFile section */

/* Begin PBXFileReference section */
		FABADC862E2ABD4F008F1526 /* ToDoListWorkUIkit.app */ = {isa = PBXFileReference; explicitFileType = wrapper.application; includeInIndex = 0; path = ToDoListWorkUIkit.app; sourceTree = BUILT_PRODUCTS_DIR; };
		FABADC9E2E2ABE79008F1526 /* AppDelegate.swift */ = {isa = PBXFileReference; lastKnownFileType = sourcecode.swift; path = AppDelegate.swift; sourceTree = "<group>"; };
		FABADC9F2E2ABE79008F1526 /* Assets.xcassets */ = {isa = PBXFileReference; lastKnownFileType = folder.assetcatalog; path = Assets.xcassets; sourceTree = "<group>"; };
		FABADCA02E2ABE79008F1526 /* Info.plist */ = {isa = PBXFileReference; lastKnownFileType = text.plist.xml; path = Info.plist; sourceTree = "<group>"; };
		FABADCA12E2ABE79008F1526 /* Base */ = {isa = PBXFileReference; lastKnownFileType = file.storyboard; name = Base; path = Base.lproj/LaunchScreen.storyboard; sourceTree = "<group>"; };
		FABADCA52E2ABE79008F1526 /* SceneDelegate.swift */ = {isa = PBXFileReference; lastKnownFileType = sourcecode.swift; path = SceneDelegate.swift; sourceTree = "<group>"; };
		FABADCA62E2ABE79008F1526 /* ViewController.swift */ = {isa = PBXFileReference; lastKnownFileType = sourcecode.swift; path = ViewController.swift; sourceTree = "<group>"; };
		FABADCB32E2AC068008F1526 /* AddNewTask.swift */ = {isa = PBXFileReference; lastKnownFileType = sourcecode.swift; path = AddNewTask.swift; sourceTree = "<group>"; };
		FABADCB82E2AC272008F1526 /* CustomSearchBar.swift */ = {isa = PBXFileReference; lastKnownFileType = sourcecode.swift; path = CustomSearchBar.swift; sourceTree = "<group>"; };
		FAC9B9EE2E2ADD31001B2ECE /* TodoTask+CoreDataClass.swift */ = {isa = PBXFileReference; lastKnownFileType = sourcecode.swift; path = "TodoTask+CoreDataClass.swift"; sourceTree = "<group>"; };
		FAC9B9EF2E2ADD31001B2ECE /* TodoTask+CoreDataProperties.swift */ = {isa = PBXFileReference; lastKnownFileType = sourcecode.swift; path = "TodoTask+CoreDataProperties.swift"; sourceTree = "<group>"; };
		FAC9B9F72E2AE191001B2ECE /* CoreData.xcdatamodel */ = {isa = PBXFileReference; lastKnownFileType = wrapper.xcdatamodel; path = CoreData.xcdatamodel; sourceTree = "<group>"; };
		FAC9B9F92E2AF371001B2ECE /* TodoCell.swift */ = {isa = PBXFileReference; lastKnownFileType = sourcecode.swift; path = TodoCell.swift; sourceTree = "<group>"; };
/* End PBXFileReference section */

/* Begin PBXFrameworksBuildPhase section */
		FABADC832E2ABD4F008F1526 /* Frameworks */ = {
			isa = PBXFrameworksBuildPhase;
			buildActionMask = 2147483647;
			files = (
			);
			runOnlyForDeploymentPostprocessing = 0;
		};
/* End PBXFrameworksBuildPhase section */

/* Begin PBXGroup section */
		FABADC7D2E2ABD4F008F1526 = {
			isa = PBXGroup;
			children = (
				FABADCA72E2ABE79008F1526 /* ToDoListWorkUIkit */,
				FABADC872E2ABD4F008F1526 /* Products */,
			);
			sourceTree = "<group>";
		};
		FABADC872E2ABD4F008F1526 /* Products */ = {
			isa = PBXGroup;
			children = (
				FABADC862E2ABD4F008F1526 /* ToDoListWorkUIkit.app */,
			);
			name = Products;
			sourceTree = "<group>";
		};
		FABADCA72E2ABE79008F1526 /* ToDoListWorkUIkit */ = {
			isa = PBXGroup;
			children = (
				FABADC9E2E2ABE79008F1526 /* AppDelegate.swift */,
				FABADCA52E2ABE79008F1526 /* SceneDelegate.swift */,
				FABADCAF2E2ABE7D008F1526 /* Screens */,
				FABADCB12E2ABEAE008F1526 /* Views */,
				FABADCB22E2ABEBB008F1526 /* NetworkManager */,
				FABADCBE2E2AD17C008F1526 /* CoreDataManager */,
				FABADCA02E2ABE79008F1526 /* Info.plist */,
				FABADCB02E2ABE9C008F1526 /* Resources */,
				FAC9B9F62E2AE191001B2ECE /* CoreData.xcdatamodeld */,
			);
			path = ToDoListWorkUIkit;
			sourceTree = "<group>";
		};
		FABADCAF2E2ABE7D008F1526 /* Screens */ = {
			isa = PBXGroup;
			children = (
				FABADCA62E2ABE79008F1526 /* ViewController.swift */,
				FABADCB32E2AC068008F1526 /* AddNewTask.swift */,
			);
			path = Screens;
			sourceTree = "<group>";
		};
		FABADCB02E2ABE9C008F1526 /* Resources */ = {
			isa = PBXGroup;
			children = (
				FABADC9F2E2ABE79008F1526 /* Assets.xcassets */,
				FABADCA22E2ABE79008F1526 /* LaunchScreen.storyboard */,
			);
			path = Resources;
			sourceTree = "<group>";
		};
		FABADCB12E2ABEAE008F1526 /* Views */ = {
			isa = PBXGroup;
			children = (
				FABADCB82E2AC272008F1526 /* CustomSearchBar.swift */,
				FAC9B9F92E2AF371001B2ECE /* TodoCell.swift */,
			);
			path = Views;
			sourceTree = "<group>";
		};
		FABADCB22E2ABEBB008F1526 /* NetworkManager */ = {
			isa = PBXGroup;
			children = (
			);
			path = NetworkManager;
			sourceTree = "<group>";
		};
		FABADCBE2E2AD17C008F1526 /* CoreDataManager */ = {
			isa = PBXGroup;
			children = (
				FAC9B9EE2E2ADD31001B2ECE /* TodoTask+CoreDataClass.swift */,
				FAC9B9EF2E2ADD31001B2ECE /* TodoTask+CoreDataProperties.swift */,
			);
			path = CoreDataManager;
			sourceTree = "<group>";
		};
/* End PBXGroup section */

/* Begin PBXNativeTarget section */
		FABADC852E2ABD4F008F1526 /* ToDoListWorkUIkit */ = {
			isa = PBXNativeTarget;
			buildConfigurationList = FABADC992E2ABD50008F1526 /* Build configuration list for PBXNativeTarget "ToDoListWorkUIkit" */;
			buildPhases = (
				FABADC822E2ABD4F008F1526 /* Sources */,
				FABADC832E2ABD4F008F1526 /* Frameworks */,
				FABADC842E2ABD4F008F1526 /* Resources */,
			);
			buildRules = (
			);
			dependencies = (
			);
			name = ToDoListWorkUIkit;
			packageProductDependencies = (
			);
			productName = ToDoListWorkUIkit;
			productReference = FABADC862E2ABD4F008F1526 /* ToDoListWorkUIkit.app */;
			productType = "com.apple.product-type.application";
		};
/* End PBXNativeTarget section */

/* Begin PBXProject section */
		FABADC7E2E2ABD4F008F1526 /* Project object */ = {
			isa = PBXProject;
			attributes = {
				BuildIndependentTargetsInParallel = 1;
				LastSwiftUpdateCheck = 1640;
				LastUpgradeCheck = 1640;
				TargetAttributes = {
					FABADC852E2ABD4F008F1526 = {
						CreatedOnToolsVersion = 16.4;
					};
				};
			};
			buildConfigurationList = FABADC812E2ABD4F008F1526 /* Build configuration list for PBXProject "ToDoListWorkUIkit" */;
			developmentRegion = en;
			hasScannedForEncodings = 0;
			knownRegions = (
				en,
				Base,
			);
			mainGroup = FABADC7D2E2ABD4F008F1526;
			minimizedProjectReferenceProxies = 1;
			preferredProjectObjectVersion = 77;
			productRefGroup = FABADC872E2ABD4F008F1526 /* Products */;
			projectDirPath = "";
			projectRoot = "";
			targets = (
				FABADC852E2ABD4F008F1526 /* ToDoListWorkUIkit */,
			);
		};
/* End PBXProject section */

/* Begin PBXResourcesBuildPhase section */
		FABADC842E2ABD4F008F1526 /* Resources */ = {
			isa = PBXResourcesBuildPhase;
			buildActionMask = 2147483647;
			files = (
				FABADCA82E2ABE79008F1526 /* Assets.xcassets in Resources */,
				FABADCAA2E2ABE79008F1526 /* LaunchScreen.storyboard in Resources */,
			);
			runOnlyForDeploymentPostprocessing = 0;
		};
/* End PBXResourcesBuildPhase section */

/* Begin PBXSourcesBuildPhase section */
		FABADC822E2ABD4F008F1526 /* Sources */ = {
			isa = PBXSourcesBuildPhase;
			buildActionMask = 2147483647;
			files = (
				FAC9B9F82E2AE191001B2ECE /* CoreData.xcdatamodeld in Sources */,
				FABADCAC2E2ABE79008F1526 /* AppDelegate.swift in Sources */,
				FABADCB92E2AC272008F1526 /* CustomSearchBar.swift in Sources */,
				FABADCB42E2AC068008F1526 /* AddNewTask.swift in Sources */,
				FAC9B9FA2E2AF371001B2ECE /* TodoCell.swift in Sources */,
				FABADCAD2E2ABE79008F1526 /* SceneDelegate.swift in Sources */,
				FAC9B9F02E2ADD31001B2ECE /* TodoTask+CoreDataClass.swift in Sources */,
				FAC9B9F12E2ADD31001B2ECE /* TodoTask+CoreDataProperties.swift in Sources */,
				FABADCAE2E2ABE79008F1526 /* ViewController.swift in Sources */,
			);
			runOnlyForDeploymentPostprocessing = 0;
		};
/* End PBXSourcesBuildPhase section */

/* Begin PBXVariantGroup section */
		FABADCA22E2ABE79008F1526 /* LaunchScreen.storyboard */ = {
			isa = PBXVariantGroup;
			children = (
				FABADCA12E2ABE79008F1526 /* Base */,
			);
			name = LaunchScreen.storyboard;
			sourceTree = "<group>";
		};
/* End PBXVariantGroup section */

/* Begin XCBuildConfiguration section */
		FABADC9A2E2ABD50008F1526 /* Debug */ = {
			isa = XCBuildConfiguration;
			buildSettings = {
				ASSETCATALOG_COMPILER_APPICON_NAME = AppIcon;
				ASSETCATALOG_COMPILER_GLOBAL_ACCENT_COLOR_NAME = AccentColor;
				CODE_SIGN_STYLE = Automatic;
				CURRENT_PROJECT_VERSION = 1;
				DEVELOPMENT_TEAM = 8LP88FSSQU;
				GENERATE_INFOPLIST_FILE = YES;
				INFOPLIST_FILE = ToDoListWorkUIkit/Info.plist;
				INFOPLIST_KEY_UIApplicationSupportsIndirectInputEvents = YES;
				INFOPLIST_KEY_UILaunchStoryboardName = LaunchScreen;
				INFOPLIST_KEY_UISupportedInterfaceOrientations_iPad = "UIInterfaceOrientationPortrait UIInterfaceOrientationPortraitUpsideDown UIInterfaceOrientationLandscapeLeft UIInterfaceOrientationLandscapeRight";
				INFOPLIST_KEY_UISupportedInterfaceOrientations_iPhone = "UIInterfaceOrientationPortrait UIInterfaceOrientationLandscapeLeft UIInterfaceOrientationLandscapeRight";
				IPHONEOS_DEPLOYMENT_TARGET = 15;
				LD_RUNPATH_SEARCH_PATHS = (
					"$(inherited)",
					"@executable_path/Frameworks",
				);
				MARKETING_VERSION = 1.0;
				PRODUCT_BUNDLE_IDENTIFIER = Abubakar.inc.ToDoListWorkUIkit;
				PRODUCT_NAME = "$(TARGET_NAME)";
				SWIFT_EMIT_LOC_STRINGS = YES;
				SWIFT_VERSION = 5.0;
				TARGETED_DEVICE_FAMILY = "1,2";
			};
			name = Debug;
		};
		FABADC9B2E2ABD50008F1526 /* Release */ = {
			isa = XCBuildConfiguration;
			buildSettings = {
				ASSETCATALOG_COMPILER_APPICON_NAME = AppIcon;
				ASSETCATALOG_COMPILER_GLOBAL_ACCENT_COLOR_NAME = AccentColor;
				CODE_SIGN_STYLE = Automatic;
				CURRENT_PROJECT_VERSION = 1;
				DEVELOPMENT_TEAM = 8LP88FSSQU;
				GENERATE_INFOPLIST_FILE = YES;
				INFOPLIST_FILE = ToDoListWorkUIkit/Info.plist;
				INFOPLIST_KEY_UIApplicationSupportsIndirectInputEvents = YES;
				INFOPLIST_KEY_UILaunchStoryboardName = LaunchScreen;
				INFOPLIST_KEY_UISupportedInterfaceOrientations_iPad = "UIInterfaceOrientationPortrait UIInterfaceOrientationPortraitUpsideDown UIInterfaceOrientationLandscapeLeft UIInterfaceOrientationLandscapeRight";
				INFOPLIST_KEY_UISupportedInterfaceOrientations_iPhone = "UIInterfaceOrientationPortrait UIInterfaceOrientationLandscapeLeft UIInterfaceOrientationLandscapeRight";
				IPHONEOS_DEPLOYMENT_TARGET = 15;
				LD_RUNPATH_SEARCH_PATHS = (
					"$(inherited)",
					"@executable_path/Frameworks",
				);
				MARKETING_VERSION = 1.0;
				PRODUCT_BUNDLE_IDENTIFIER = Abubakar.inc.ToDoListWorkUIkit;
				PRODUCT_NAME = "$(TARGET_NAME)";
				SWIFT_EMIT_LOC_STRINGS = YES;
				SWIFT_VERSION = 5.0;
				TARGETED_DEVICE_FAMILY = "1,2";
			};
			name = Release;
		};
		FABADC9C2E2ABD50008F1526 /* Debug */ = {
			isa = XCBuildConfiguration;
			buildSettings = {
				ALWAYS_SEARCH_USER_PATHS = NO;
				ASSETCATALOG_COMPILER_GENERATE_SWIFT_ASSET_SYMBOL_EXTENSIONS = YES;
				CLANG_ANALYZER_NONNULL = YES;
				CLANG_ANALYZER_NUMBER_OBJECT_CONVERSION = YES_AGGRESSIVE;
				CLANG_CXX_LANGUAGE_STANDARD = "gnu++20";
				CLANG_ENABLE_MODULES = YES;
				CLANG_ENABLE_OBJC_ARC = YES;
				CLANG_ENABLE_OBJC_WEAK = YES;
				CLANG_WARN_BLOCK_CAPTURE_AUTORELEASING = YES;
				CLANG_WARN_BOOL_CONVERSION = YES;
				CLANG_WARN_COMMA = YES;
				CLANG_WARN_CONSTANT_CONVERSION = YES;
				CLANG_WARN_DEPRECATED_OBJC_IMPLEMENTATIONS = YES;
				CLANG_WARN_DIRECT_OBJC_ISA_USAGE = YES_ERROR;
				CLANG_WARN_DOCUMENTATION_COMMENTS = YES;
				CLANG_WARN_EMPTY_BODY = YES;
				CLANG_WARN_ENUM_CONVERSION = YES;
				CLANG_WARN_INFINITE_RECURSION = YES;
				CLANG_WARN_INT_CONVERSION = YES;
				CLANG_WARN_NON_LITERAL_NULL_CONVERSION = YES;
				CLANG_WARN_OBJC_IMPLICIT_RETAIN_SELF = YES;
				CLANG_WARN_OBJC_LITERAL_CONVERSION = YES;
				CLANG_WARN_OBJC_ROOT_CLASS = YES_ERROR;
				CLANG_WARN_QUOTED_INCLUDE_IN_FRAMEWORK_HEADER = YES;
				CLANG_WARN_RANGE_LOOP_ANALYSIS = YES;
				CLANG_WARN_STRICT_PROTOTYPES = YES;
				CLANG_WARN_SUSPICIOUS_MOVE = YES;
				CLANG_WARN_UNGUARDED_AVAILABILITY = YES_AGGRESSIVE;
				CLANG_WARN_UNREACHABLE_CODE = YES;
				CLANG_WARN__DUPLICATE_METHOD_MATCH = YES;
				COPY_PHASE_STRIP = NO;
				DEBUG_INFORMATION_FORMAT = dwarf;
				DEVELOPMENT_TEAM = 8LP88FSSQU;
				ENABLE_STRICT_OBJC_MSGSEND = YES;
				ENABLE_TESTABILITY = YES;
				ENABLE_USER_SCRIPT_SANDBOXING = YES;
				GCC_C_LANGUAGE_STANDARD = gnu17;
				GCC_DYNAMIC_NO_PIC = NO;
				GCC_NO_COMMON_BLOCKS = YES;
				GCC_OPTIMIZATION_LEVEL = 0;
				GCC_PREPROCESSOR_DEFINITIONS = (
					"DEBUG=1",
					"$(inherited)",
				);
				GCC_WARN_64_TO_32_BIT_CONVERSION = YES;
				GCC_WARN_ABOUT_RETURN_TYPE = YES_ERROR;
				GCC_WARN_UNDECLARED_SELECTOR = YES;
				GCC_WARN_UNINITIALIZED_AUTOS = YES_AGGRESSIVE;
				GCC_WARN_UNUSED_FUNCTION = YES;
				GCC_WARN_UNUSED_VARIABLE = YES;
				IPHONEOS_DEPLOYMENT_TARGET = 18.5;
				LOCALIZATION_PREFERS_STRING_CATALOGS = YES;
				MTL_ENABLE_DEBUG_INFO = INCLUDE_SOURCE;
				MTL_FAST_MATH = YES;
				ONLY_ACTIVE_ARCH = YES;
				SDKROOT = iphoneos;
				SWIFT_ACTIVE_COMPILATION_CONDITIONS = "DEBUG $(inherited)";
				SWIFT_OPTIMIZATION_LEVEL = "-Onone";
			};
			name = Debug;
		};
		FABADC9D2E2ABD50008F1526 /* Release */ = {
			isa = XCBuildConfiguration;
			buildSettings = {
				ALWAYS_SEARCH_USER_PATHS = NO;
				ASSETCATALOG_COMPILER_GENERATE_SWIFT_ASSET_SYMBOL_EXTENSIONS = YES;
				CLANG_ANALYZER_NONNULL = YES;
				CLANG_ANALYZER_NUMBER_OBJECT_CONVERSION = YES_AGGRESSIVE;
				CLANG_CXX_LANGUAGE_STANDARD = "gnu++20";
				CLANG_ENABLE_MODULES = YES;
				CLANG_ENABLE_OBJC_ARC = YES;
				CLANG_ENABLE_OBJC_WEAK = YES;
				CLANG_WARN_BLOCK_CAPTURE_AUTORELEASING = YES;
				CLANG_WARN_BOOL_CONVERSION = YES;
				CLANG_WARN_COMMA = YES;
				CLANG_WARN_CONSTANT_CONVERSION = YES;
				CLANG_WARN_DEPRECATED_OBJC_IMPLEMENTATIONS = YES;
				CLANG_WARN_DIRECT_OBJC_ISA_USAGE = YES_ERROR;
				CLANG_WARN_DOCUMENTATION_COMMENTS = YES;
				CLANG_WARN_EMPTY_BODY = YES;
				CLANG_WARN_ENUM_CONVERSION = YES;
				CLANG_WARN_INFINITE_RECURSION = YES;
				CLANG_WARN_INT_CONVERSION = YES;
				CLANG_WARN_NON_LITERAL_NULL_CONVERSION = YES;
				CLANG_WARN_OBJC_IMPLICIT_RETAIN_SELF = YES;
				CLANG_WARN_OBJC_LITERAL_CONVERSION = YES;
				CLANG_WARN_OBJC_ROOT_CLASS = YES_ERROR;
				CLANG_WARN_QUOTED_INCLUDE_IN_FRAMEWORK_HEADER = YES;
				CLANG_WARN_RANGE_LOOP_ANALYSIS = YES;
				CLANG_WARN_STRICT_PROTOTYPES = YES;
				CLANG_WARN_SUSPICIOUS_MOVE = YES;
				CLANG_WARN_UNGUARDED_AVAILABILITY = YES_AGGRESSIVE;
				CLANG_WARN_UNREACHABLE_CODE = YES;
				CLANG_WARN__DUPLICATE_METHOD_MATCH = YES;
				COPY_PHASE_STRIP = NO;
				DEBUG_INFORMATION_FORMAT = "dwarf-with-dsym";
				DEVELOPMENT_TEAM = 8LP88FSSQU;
				ENABLE_NS_ASSERTIONS = NO;
				ENABLE_STRICT_OBJC_MSGSEND = YES;
				ENABLE_USER_SCRIPT_SANDBOXING = YES;
				GCC_C_LANGUAGE_STANDARD = gnu17;
				GCC_NO_COMMON_BLOCKS = YES;
				GCC_WARN_64_TO_32_BIT_CONVERSION = YES;
				GCC_WARN_ABOUT_RETURN_TYPE = YES_ERROR;
				GCC_WARN_UNDECLARED_SELECTOR = YES;
				GCC_WARN_UNINITIALIZED_AUTOS = YES_AGGRESSIVE;
				GCC_WARN_UNUSED_FUNCTION = YES;
				GCC_WARN_UNUSED_VARIABLE = YES;
				IPHONEOS_DEPLOYMENT_TARGET = 18.5;
				LOCALIZATION_PREFERS_STRING_CATALOGS = YES;
				MTL_ENABLE_DEBUG_INFO = NO;
				MTL_FAST_MATH = YES;
				SDKROOT = iphoneos;
				SWIFT_COMPILATION_MODE = wholemodule;
				VALIDATE_PRODUCT = YES;
			};
			name = Release;
		};
/* End XCBuildConfiguration section */

/* Begin XCConfigurationList section */
		FABADC812E2ABD4F008F1526 /* Build configuration list for PBXProject "ToDoListWorkUIkit" */ = {
			isa = XCConfigurationList;
			buildConfigurations = (
				FABADC9C2E2ABD50008F1526 /* Debug */,
				FABADC9D2E2ABD50008F1526 /* Release */,
			);
			defaultConfigurationIsVisible = 0;
			defaultConfigurationName = Release;
		};
		FABADC992E2ABD50008F1526 /* Build configuration list for PBXNativeTarget "ToDoListWorkUIkit" */ = {
			isa = XCConfigurationList;
			buildConfigurations = (
				FABADC9A2E2ABD50008F1526 /* Debug */,
				FABADC9B2E2ABD50008F1526 /* Release */,
			);
			defaultConfigurationIsVisible = 0;
			defaultConfigurationName = Release;
		};
/* End XCConfigurationList section */

/* Begin XCVersionGroup section */
		FAC9B9F62E2AE191001B2ECE /* CoreData.xcdatamodeld */ = {
			isa = XCVersionGroup;
			children = (
				FAC9B9F72E2AE191001B2ECE /* CoreData.xcdatamodel */,
			);
			currentVersion = FAC9B9F72E2AE191001B2ECE /* CoreData.xcdatamodel */;
			path = CoreData.xcdatamodeld;
			sourceTree = "<group>";
			versionGroupType = wrapper.xcdatamodel;
		};
/* End XCVersionGroup section */
	};
	rootObject = FABADC7E2E2ABD4F008F1526 /* Project object */;
}
